{"1.1.0",
[{<<"base32">>,
  {git,"https://github.com/aetrion/base32_erlang.git",
       {ref,"40431a7480176b24863e18b92d9872e54c714df5"}},
  0},
 {<<"base64url">>,{pkg,<<"base64url">>,<<"0.0.1">>},1},
 {<<"jose">>,{pkg,<<"jose">>,<<"1.8.4">>},0}]}.
[
{pkg_hash,[
 {<<"base64url">>, <<"36A90125F5948E3AFD7BE97662A1504B934DD5DAC78451CA6E9ABF85A10286BE">>},
 {<<"jose">>, <<"7946D1E5C03A76AC9EF42A6E6A20001D35987AFD68C2107BCD8F01A84E75AA73">>}]}
].
